
Microsoft Visual Studio Solution File, Format Version 12.00
# Visual Studio 14
VisualStudioVersion = 14.0.25420.1
MinimumVisualStudioVersion = 10.0.40219.1
Project("{FAE04EC0-301F-11D3-BF4B-00C04F79EFBC}") = "ClassifierCore", "ClassifierCore.csproj", "{85AC4FD9-EDED-4A00-8A3B-3B9AA8BA3E5F}"
EndProject
Project("{FAE04EC0-301F-11D3-BF4B-00C04F79EFBC}") = "TestApplication", "TestApplication\TestApplication.csproj", "{7522E3C3-D986-4753-B1FD-8273FF75FF63}"
EndProject
Project("{FAE04EC0-301F-11D3-BF4B-00C04F79EFBC}") = "ClassifierView", "ClassifierView\ClassifierView.csproj", "{04330E08-3B79-488C-893A-456DD673D103}"
EndProject
Global
	GlobalSection(SolutionConfigurationPlatforms) = preSolution
		Debug|Any CPU = Debug|Any CPU
		Debug|x64 = Debug|x64
		Debug|x86 = Debug|x86
		nipi-dev|Any CPU = nipi-dev|Any CPU
		nipi-dev|x64 = nipi-dev|x64
		nipi-dev|x86 = nipi-dev|x86
		nipi-prod|Any CPU = nipi-prod|Any CPU
		nipi-prod|x64 = nipi-prod|x64
		nipi-prod|x86 = nipi-prod|x86
		Release|Any CPU = Release|Any CPU
		Release|x64 = Release|x64
		Release|x86 = Release|x86
		tapcad-dev|Any CPU = tapcad-dev|Any CPU
		tapcad-dev|x64 = tapcad-dev|x64
		tapcad-dev|x86 = tapcad-dev|x86
		tapcad-prod|Any CPU = tapcad-prod|Any CPU
		tapcad-prod|x64 = tapcad-prod|x64
		tapcad-prod|x86 = tapcad-prod|x86
	EndGlobalSection
	GlobalSection(ProjectConfigurationPlatforms) = postSolution
		{85AC4FD9-EDED-4A00-8A3B-3B9AA8BA3E5F}.Debug|Any CPU.ActiveCfg = Debug|Any CPU
		{85AC4FD9-EDED-4A00-8A3B-3B9AA8BA3E5F}.Debug|Any CPU.Build.0 = Debug|Any CPU
		{85AC4FD9-EDED-4A00-8A3B-3B9AA8BA3E5F}.Debug|x64.ActiveCfg = Debug|Any CPU
		{85AC4FD9-EDED-4A00-8A3B-3B9AA8BA3E5F}.Debug|x64.Build.0 = Debug|Any CPU
		{85AC4FD9-EDED-4A00-8A3B-3B9AA8BA3E5F}.Debug|x86.ActiveCfg = Debug|Any CPU
		{85AC4FD9-EDED-4A00-8A3B-3B9AA8BA3E5F}.Debug|x86.Build.0 = Debug|Any CPU
		{85AC4FD9-EDED-4A00-8A3B-3B9AA8BA3E5F}.nipi-dev|Any CPU.ActiveCfg = Release|Any CPU
		{85AC4FD9-EDED-4A00-8A3B-3B9AA8BA3E5F}.nipi-dev|Any CPU.Build.0 = Release|Any CPU
		{85AC4FD9-EDED-4A00-8A3B-3B9AA8BA3E5F}.nipi-dev|x64.ActiveCfg = Release|Any CPU
		{85AC4FD9-EDED-4A00-8A3B-3B9AA8BA3E5F}.nipi-dev|x64.Build.0 = Release|Any CPU
		{85AC4FD9-EDED-4A00-8A3B-3B9AA8BA3E5F}.nipi-dev|x86.ActiveCfg = Release|Any CPU
		{85AC4FD9-EDED-4A00-8A3B-3B9AA8BA3E5F}.nipi-dev|x86.Build.0 = Release|Any CPU
		{85AC4FD9-EDED-4A00-8A3B-3B9AA8BA3E5F}.nipi-prod|Any CPU.ActiveCfg = Release|Any CPU
		{85AC4FD9-EDED-4A00-8A3B-3B9AA8BA3E5F}.nipi-prod|Any CPU.Build.0 = Release|Any CPU
		{85AC4FD9-EDED-4A00-8A3B-3B9AA8BA3E5F}.nipi-prod|x64.ActiveCfg = Release|Any CPU
		{85AC4FD9-EDED-4A00-8A3B-3B9AA8BA3E5F}.nipi-prod|x64.Build.0 = Release|Any CPU
		{85AC4FD9-EDED-4A00-8A3B-3B9AA8BA3E5F}.nipi-prod|x86.ActiveCfg = Release|Any CPU
		{85AC4FD9-EDED-4A00-8A3B-3B9AA8BA3E5F}.nipi-prod|x86.Build.0 = Release|Any CPU
		{85AC4FD9-EDED-4A00-8A3B-3B9AA8BA3E5F}.Release|Any CPU.ActiveCfg = Release|Any CPU
		{85AC4FD9-EDED-4A00-8A3B-3B9AA8BA3E5F}.Release|Any CPU.Build.0 = Release|Any CPU
		{85AC4FD9-EDED-4A00-8A3B-3B9AA8BA3E5F}.Release|x64.ActiveCfg = Release|Any CPU
		{85AC4FD9-EDED-4A00-8A3B-3B9AA8BA3E5F}.Release|x64.Build.0 = Release|Any CPU
		{85AC4FD9-EDED-4A00-8A3B-3B9AA8BA3E5F}.Release|x86.ActiveCfg = Release|Any CPU
		{85AC4FD9-EDED-4A00-8A3B-3B9AA8BA3E5F}.Release|x86.Build.0 = Release|Any CPU
		{85AC4FD9-EDED-4A00-8A3B-3B9AA8BA3E5F}.tapcad-dev|Any CPU.ActiveCfg = Release|Any CPU
		{85AC4FD9-EDED-4A00-8A3B-3B9AA8BA3E5F}.tapcad-dev|Any CPU.Build.0 = Release|Any CPU
		{85AC4FD9-EDED-4A00-8A3B-3B9AA8BA3E5F}.tapcad-dev|x64.ActiveCfg = Release|Any CPU
		{85AC4FD9-EDED-4A00-8A3B-3B9AA8BA3E5F}.tapcad-dev|x64.Build.0 = Release|Any CPU
		{85AC4FD9-EDED-4A00-8A3B-3B9AA8BA3E5F}.tapcad-dev|x86.ActiveCfg = Release|Any CPU
		{85AC4FD9-EDED-4A00-8A3B-3B9AA8BA3E5F}.tapcad-dev|x86.Build.0 = Release|Any CPU
		{85AC4FD9-EDED-4A00-8A3B-3B9AA8BA3E5F}.tapcad-prod|Any CPU.ActiveCfg = Release|Any CPU
		{85AC4FD9-EDED-4A00-8A3B-3B9AA8BA3E5F}.tapcad-prod|Any CPU.Build.0 = Release|Any CPU
		{85AC4FD9-EDED-4A00-8A3B-3B9AA8BA3E5F}.tapcad-prod|x64.ActiveCfg = Release|Any CPU
		{85AC4FD9-EDED-4A00-8A3B-3B9AA8BA3E5F}.tapcad-prod|x64.Build.0 = Release|Any CPU
		{85AC4FD9-EDED-4A00-8A3B-3B9AA8BA3E5F}.tapcad-prod|x86.ActiveCfg = Release|Any CPU
		{85AC4FD9-EDED-4A00-8A3B-3B9AA8BA3E5F}.tapcad-prod|x86.Build.0 = Release|Any CPU
		{7522E3C3-D986-4753-B1FD-8273FF75FF63}.Debug|Any CPU.ActiveCfg = Debug|Any CPU
		{7522E3C3-D986-4753-B1FD-8273FF75FF63}.Debug|Any CPU.Build.0 = Debug|Any CPU
		{7522E3C3-D986-4753-B1FD-8273FF75FF63}.Debug|x64.ActiveCfg = Debug|Any CPU
		{7522E3C3-D986-4753-B1FD-8273FF75FF63}.Debug|x64.Build.0 = Debug|Any CPU
		{7522E3C3-D986-4753-B1FD-8273FF75FF63}.Debug|x86.ActiveCfg = Debug|Any CPU
		{7522E3C3-D986-4753-B1FD-8273FF75FF63}.Debug|x86.Build.0 = Debug|Any CPU
		{7522E3C3-D986-4753-B1FD-8273FF75FF63}.nipi-dev|Any CPU.ActiveCfg = Release|Any CPU
		{7522E3C3-D986-4753-B1FD-8273FF75FF63}.nipi-dev|Any CPU.Build.0 = Release|Any CPU
		{7522E3C3-D986-4753-B1FD-8273FF75FF63}.nipi-dev|x64.ActiveCfg = Release|Any CPU
		{7522E3C3-D986-4753-B1FD-8273FF75FF63}.nipi-dev|x64.Build.0 = Release|Any CPU
		{7522E3C3-D986-4753-B1FD-8273FF75FF63}.nipi-dev|x86.ActiveCfg = Release|Any CPU
		{7522E3C3-D986-4753-B1FD-8273FF75FF63}.nipi-dev|x86.Build.0 = Release|Any CPU
		{7522E3C3-D986-4753-B1FD-8273FF75FF63}.nipi-prod|Any CPU.ActiveCfg = Release|Any CPU
		{7522E3C3-D986-4753-B1FD-8273FF75FF63}.nipi-prod|Any CPU.Build.0 = Release|Any CPU
		{7522E3C3-D986-4753-B1FD-8273FF75FF63}.nipi-prod|x64.ActiveCfg = Release|Any CPU
		{7522E3C3-D986-4753-B1FD-8273FF75FF63}.nipi-prod|x64.Build.0 = Release|Any CPU
		{7522E3C3-D986-4753-B1FD-8273FF75FF63}.nipi-prod|x86.ActiveCfg = Release|Any CPU
		{7522E3C3-D986-4753-B1FD-8273FF75FF63}.nipi-prod|x86.Build.0 = Release|Any CPU
		{7522E3C3-D986-4753-B1FD-8273FF75FF63}.Release|Any CPU.ActiveCfg = Release|Any CPU
		{7522E3C3-D986-4753-B1FD-8273FF75FF63}.Release|Any CPU.Build.0 = Release|Any CPU
		{7522E3C3-D986-4753-B1FD-8273FF75FF63}.Release|x64.ActiveCfg = Release|Any CPU
		{7522E3C3-D986-4753-B1FD-8273FF75FF63}.Release|x64.Build.0 = Release|Any CPU
		{7522E3C3-D986-4753-B1FD-8273FF75FF63}.Release|x86.ActiveCfg = Release|Any CPU
		{7522E3C3-D986-4753-B1FD-8273FF75FF63}.Release|x86.Build.0 = Release|Any CPU
		{7522E3C3-D986-4753-B1FD-8273FF75FF63}.tapcad-dev|Any CPU.ActiveCfg = Release|Any CPU
		{7522E3C3-D986-4753-B1FD-8273FF75FF63}.tapcad-dev|Any CPU.Build.0 = Release|Any CPU
		{7522E3C3-D986-4753-B1FD-8273FF75FF63}.tapcad-dev|x64.ActiveCfg = Release|Any CPU
		{7522E3C3-D986-4753-B1FD-8273FF75FF63}.tapcad-dev|x64.Build.0 = Release|Any CPU
		{7522E3C3-D986-4753-B1FD-8273FF75FF63}.tapcad-dev|x86.ActiveCfg = Release|Any CPU
		{7522E3C3-D986-4753-B1FD-8273FF75FF63}.tapcad-dev|x86.Build.0 = Release|Any CPU
		{7522E3C3-D986-4753-B1FD-8273FF75FF63}.tapcad-prod|Any CPU.ActiveCfg = Release|Any CPU
		{7522E3C3-D986-4753-B1FD-8273FF75FF63}.tapcad-prod|Any CPU.Build.0 = Release|Any CPU
		{7522E3C3-D986-4753-B1FD-8273FF75FF63}.tapcad-prod|x64.ActiveCfg = Release|Any CPU
		{7522E3C3-D986-4753-B1FD-8273FF75FF63}.tapcad-prod|x64.Build.0 = Release|Any CPU
		{7522E3C3-D986-4753-B1FD-8273FF75FF63}.tapcad-prod|x86.ActiveCfg = Release|Any CPU
		{7522E3C3-D986-4753-B1FD-8273FF75FF63}.tapcad-prod|x86.Build.0 = Release|Any CPU
		{04330E08-3B79-488C-893A-456DD673D103}.Debug|Any CPU.ActiveCfg = Debug|Any CPU
		{04330E08-3B79-488C-893A-456DD673D103}.Debug|Any CPU.Build.0 = Debug|Any CPU
		{04330E08-3B79-488C-893A-456DD673D103}.Debug|x64.ActiveCfg = Debug|Any CPU
		{04330E08-3B79-488C-893A-456DD673D103}.Debug|x64.Build.0 = Debug|Any CPU
		{04330E08-3B79-488C-893A-456DD673D103}.Debug|x86.ActiveCfg = Debug|Any CPU
		{04330E08-3B79-488C-893A-456DD673D103}.Debug|x86.Build.0 = Debug|Any CPU
		{04330E08-3B79-488C-893A-456DD673D103}.nipi-dev|Any CPU.ActiveCfg = Release|Any CPU
		{04330E08-3B79-488C-893A-456DD673D103}.nipi-dev|Any CPU.Build.0 = Release|Any CPU
		{04330E08-3B79-488C-893A-456DD673D103}.nipi-dev|x64.ActiveCfg = Release|Any CPU
		{04330E08-3B79-488C-893A-456DD673D103}.nipi-dev|x64.Build.0 = Release|Any CPU
		{04330E08-3B79-488C-893A-456DD673D103}.nipi-dev|x86.ActiveCfg = Release|Any CPU
		{04330E08-3B79-488C-893A-456DD673D103}.nipi-dev|x86.Build.0 = Release|Any CPU
		{04330E08-3B79-488C-893A-456DD673D103}.nipi-prod|Any CPU.ActiveCfg = Release|Any CPU
		{04330E08-3B79-488C-893A-456DD673D103}.nipi-prod|Any CPU.Build.0 = Release|Any CPU
		{04330E08-3B79-488C-893A-456DD673D103}.nipi-prod|x64.ActiveCfg = Release|Any CPU
		{04330E08-3B79-488C-893A-456DD673D103}.nipi-prod|x64.Build.0 = Release|Any CPU
		{04330E08-3B79-488C-893A-456DD673D103}.nipi-prod|x86.ActiveCfg = Release|Any CPU
		{04330E08-3B79-488C-893A-456DD673D103}.nipi-prod|x86.Build.0 = Release|Any CPU
		{04330E08-3B79-488C-893A-456DD673D103}.Release|Any CPU.ActiveCfg = Release|Any CPU
		{04330E08-3B79-488C-893A-456DD673D103}.Release|Any CPU.Build.0 = Release|Any CPU
		{04330E08-3B79-488C-893A-456DD673D103}.Release|x64.ActiveCfg = Release|Any CPU
		{04330E08-3B79-488C-893A-456DD673D103}.Release|x64.Build.0 = Release|Any CPU
		{04330E08-3B79-488C-893A-456DD673D103}.Release|x86.ActiveCfg = Release|Any CPU
		{04330E08-3B79-488C-893A-456DD673D103}.Release|x86.Build.0 = Release|Any CPU
		{04330E08-3B79-488C-893A-456DD673D103}.tapcad-dev|Any CPU.ActiveCfg = Release|Any CPU
		{04330E08-3B79-488C-893A-456DD673D103}.tapcad-dev|Any CPU.Build.0 = Release|Any CPU
		{04330E08-3B79-488C-893A-456DD673D103}.tapcad-dev|x64.ActiveCfg = Release|Any CPU
		{04330E08-3B79-488C-893A-456DD673D103}.tapcad-dev|x64.Build.0 = Release|Any CPU
		{04330E08-3B79-488C-893A-456DD673D103}.tapcad-dev|x86.ActiveCfg = Release|Any CPU
		{04330E08-3B79-488C-893A-456DD673D103}.tapcad-dev|x86.Build.0 = Release|Any CPU
		{04330E08-3B79-488C-893A-456DD673D103}.tapcad-prod|Any CPU.ActiveCfg = Release|Any CPU
		{04330E08-3B79-488C-893A-456DD673D103}.tapcad-prod|Any CPU.Build.0 = Release|Any CPU
		{04330E08-3B79-488C-893A-456DD673D103}.tapcad-prod|x64.ActiveCfg = Release|Any CPU
		{04330E08-3B79-488C-893A-456DD673D103}.tapcad-prod|x64.Build.0 = Release|Any CPU
		{04330E08-3B79-488C-893A-456DD673D103}.tapcad-prod|x86.ActiveCfg = Release|Any CPU
		{04330E08-3B79-488C-893A-456DD673D103}.tapcad-prod|x86.Build.0 = Release|Any CPU
	EndGlobalSection
	GlobalSection(SolutionProperties) = preSolution
		HideSolutionNode = FALSE
	EndGlobalSection
EndGlobal
